// !$*UTF8*$!
{
	archiveVersion = 1;
	classes = {
	};
	objectVersion = 56;
	objects = {

/* Begin PBXBuildFile section */
		E31DEFE629AE2FD80058ECF3 /* HomeViewController.swift in Sources */ = {isa = PBXBuildFile; fileRef = E31DEFE529AE2FD80058ECF3 /* HomeViewController.swift */; };
		E31DEFE829AE30760058ECF3 /* UpcomingViewController.swift in Sources */ = {isa = PBXBuildFile; fileRef = E31DEFE729AE30760058ECF3 /* UpcomingViewController.swift */; };
		E31DEFEA29AE309E0058ECF3 /* SearchViewController.swift in Sources */ = {isa = PBXBuildFile; fileRef = E31DEFE929AE309E0058ECF3 /* SearchViewController.swift */; };
		E31DEFEC29AE30BB0058ECF3 /* DownloadsViewController.swift in Sources */ = {isa = PBXBuildFile; fileRef = E31DEFEB29AE30BB0058ECF3 /* DownloadsViewController.swift */; };
		E31DF03029AF13D10058ECF3 /* CollectionViewTableViewCell.swift in Sources */ = {isa = PBXBuildFile; fileRef = E31DF02F29AF13D10058ECF3 /* CollectionViewTableViewCell.swift */; };
		E3E8A3E529AE22A80065B86E /* AppDelegate.swift in Sources */ = {isa = PBXBuildFile; fileRef = E3E8A3E429AE22A80065B86E /* AppDelegate.swift */; };
		E3E8A3E729AE22A80065B86E /* SceneDelegate.swift in Sources */ = {isa = PBXBuildFile; fileRef = E3E8A3E629AE22A80065B86E /* SceneDelegate.swift */; };
		E3E8A3E929AE22A80065B86E /* MainTabBarViewController.swift in Sources */ = {isa = PBXBuildFile; fileRef = E3E8A3E829AE22A80065B86E /* MainTabBarViewController.swift */; };
		E3E8A3EC29AE22A80065B86E /* Main.storyboard in Resources */ = {isa = PBXBuildFile; fileRef = E3E8A3EA29AE22A80065B86E /* Main.storyboard */; };
		E3E8A3EE29AE22A90065B86E /* Assets.xcassets in Resources */ = {isa = PBXBuildFile; fileRef = E3E8A3ED29AE22A90065B86E /* Assets.xcassets */; };
		E3E8A3F129AE22A90065B86E /* LaunchScreen.storyboard in Resources */ = {isa = PBXBuildFile; fileRef = E3E8A3EF29AE22A90065B86E /* LaunchScreen.storyboard */; };
		E3E8A3FC29AE22A90065B86E /* netflix_cloneTests.swift in Sources */ = {isa = PBXBuildFile; fileRef = E3E8A3FB29AE22A90065B86E /* netflix_cloneTests.swift */; };
		E3E8A40629AE22A90065B86E /* netflix_cloneUITests.swift in Sources */ = {isa = PBXBuildFile; fileRef = E3E8A40529AE22A90065B86E /* netflix_cloneUITests.swift */; };
		E3E8A40829AE22A90065B86E /* netflix_cloneUITestsLaunchTests.swift in Sources */ = {isa = PBXBuildFile; fileRef = E3E8A40729AE22A90065B86E /* netflix_cloneUITestsLaunchTests.swift */; };
/* End PBXBuildFile section */

/* Begin PBXContainerItemProxy section */
		E3E8A3F829AE22A90065B86E /* PBXContainerItemProxy */ = {
			isa = PBXContainerItemProxy;
			containerPortal = E3E8A3D929AE22A80065B86E /* Project object */;
			proxyType = 1;
			remoteGlobalIDString = E3E8A3E029AE22A80065B86E;
			remoteInfo = "netflix-clone";
		};
		E3E8A40229AE22A90065B86E /* PBXContainerItemProxy */ = {
			isa = PBXContainerItemProxy;
			containerPortal = E3E8A3D929AE22A80065B86E /* Project object */;
			proxyType = 1;
			remoteGlobalIDString = E3E8A3E029AE22A80065B86E;
			remoteInfo = "netflix-clone";
		};
/* End PBXContainerItemProxy section */

/* Begin PBXFileReference section */
		E31DEFE529AE2FD80058ECF3 /* HomeViewController.swift */ = {isa = PBXFileReference; lastKnownFileType = sourcecode.swift; path = HomeViewController.swift; sourceTree = "<group>"; };
		E31DEFE729AE30760058ECF3 /* UpcomingViewController.swift */ = {isa = PBXFileReference; lastKnownFileType = sourcecode.swift; path = UpcomingViewController.swift; sourceTree = "<group>"; };
		E31DEFE929AE309E0058ECF3 /* SearchViewController.swift */ = {isa = PBXFileReference; lastKnownFileType = sourcecode.swift; path = SearchViewController.swift; sourceTree = "<group>"; };
		E31DEFEB29AE30BB0058ECF3 /* DownloadsViewController.swift */ = {isa = PBXFileReference; lastKnownFileType = sourcecode.swift; path = DownloadsViewController.swift; sourceTree = "<group>"; };
		E31DF02F29AF13D10058ECF3 /* CollectionViewTableViewCell.swift */ = {isa = PBXFileReference; lastKnownFileType = sourcecode.swift; path = CollectionViewTableViewCell.swift; sourceTree = "<group>"; };
		E3E8A3E129AE22A80065B86E /* netflix-clone.app */ = {isa = PBXFileReference; explicitFileType = wrapper.application; includeInIndex = 0; path = "netflix-clone.app"; sourceTree = BUILT_PRODUCTS_DIR; };
		E3E8A3E429AE22A80065B86E /* AppDelegate.swift */ = {isa = PBXFileReference; lastKnownFileType = sourcecode.swift; path = AppDelegate.swift; sourceTree = "<group>"; };
		E3E8A3E629AE22A80065B86E /* SceneDelegate.swift */ = {isa = PBXFileReference; lastKnownFileType = sourcecode.swift; path = SceneDelegate.swift; sourceTree = "<group>"; };
		E3E8A3E829AE22A80065B86E /* MainTabBarViewController.swift */ = {isa = PBXFileReference; lastKnownFileType = sourcecode.swift; path = MainTabBarViewController.swift; sourceTree = "<group>"; };
		E3E8A3EB29AE22A80065B86E /* Base */ = {isa = PBXFileReference; lastKnownFileType = file.storyboard; name = Base; path = Base.lproj/Main.storyboard; sourceTree = "<group>"; };
		E3E8A3ED29AE22A90065B86E /* Assets.xcassets */ = {isa = PBXFileReference; lastKnownFileType = folder.assetcatalog; path = Assets.xcassets; sourceTree = "<group>"; };
		E3E8A3F029AE22A90065B86E /* Base */ = {isa = PBXFileReference; lastKnownFileType = file.storyboard; name = Base; path = Base.lproj/LaunchScreen.storyboard; sourceTree = "<group>"; };
		E3E8A3F229AE22A90065B86E /* Info.plist */ = {isa = PBXFileReference; lastKnownFileType = text.plist.xml; path = Info.plist; sourceTree = "<group>"; };
		E3E8A3F729AE22A90065B86E /* netflix-cloneTests.xctest */ = {isa = PBXFileReference; explicitFileType = wrapper.cfbundle; includeInIndex = 0; path = "netflix-cloneTests.xctest"; sourceTree = BUILT_PRODUCTS_DIR; };
		E3E8A3FB29AE22A90065B86E /* netflix_cloneTests.swift */ = {isa = PBXFileReference; lastKnownFileType = sourcecode.swift; path = netflix_cloneTests.swift; sourceTree = "<group>"; };
		E3E8A40129AE22A90065B86E /* netflix-cloneUITests.xctest */ = {isa = PBXFileReference; explicitFileType = wrapper.cfbundle; includeInIndex = 0; path = "netflix-cloneUITests.xctest"; sourceTree = BUILT_PRODUCTS_DIR; };
		E3E8A40529AE22A90065B86E /* netflix_cloneUITests.swift */ = {isa = PBXFileReference; lastKnownFileType = sourcecode.swift; path = netflix_cloneUITests.swift; sourceTree = "<group>"; };
		E3E8A40729AE22A90065B86E /* netflix_cloneUITestsLaunchTests.swift */ = {isa = PBXFileReference; lastKnownFileType = sourcecode.swift; path = netflix_cloneUITestsLaunchTests.swift; sourceTree = "<group>"; };
/* End PBXFileReference section */

/* Begin PBXFrameworksBuildPhase section */
		E3E8A3DE29AE22A80065B86E /* Frameworks */ = {
			isa = PBXFrameworksBuildPhase;
			buildActionMask = 2147483647;
			files = (
			);
			runOnlyForDeploymentPostprocessing = 0;
		};
		E3E8A3F429AE22A90065B86E /* Frameworks */ = {
			isa = PBXFrameworksBuildPhase;
			buildActionMask = 2147483647;
			files = (
			);
			runOnlyForDeploymentPostprocessing = 0;
		};
		E3E8A3FE29AE22A90065B86E /* Frameworks */ = {
			isa = PBXFrameworksBuildPhase;
			buildActionMask = 2147483647;
			files = (
			);
			runOnlyForDeploymentPostprocessing = 0;
		};
/* End PBXFrameworksBuildPhase section */

/* Begin PBXGroup section */
		E31DEFE429AE2F920058ECF3 /* Controllers */ = {
			isa = PBXGroup;
			children = (
				E31DEFE529AE2FD80058ECF3 /* HomeViewController.swift */,
				E31DEFE729AE30760058ECF3 /* UpcomingViewController.swift */,
				E31DEFE929AE309E0058ECF3 /* SearchViewController.swift */,
				E31DEFEB29AE30BB0058ECF3 /* DownloadsViewController.swift */,
			);
			path = Controllers;
			sourceTree = "<group>";
		};
		E31DF02929AF11970058ECF3 /* Views */ = {
			isa = PBXGroup;
			children = (
				E31DF02F29AF13D10058ECF3 /* CollectionViewTableViewCell.swift */,
			);
			path = Views;
			sourceTree = "<group>";
		};
		E31DF02A29AF11B50058ECF3 /* ViewModels */ = {
			isa = PBXGroup;
			children = (
			);
			path = ViewModels;
			sourceTree = "<group>";
		};
		E31DF02C29AF120B0058ECF3 /* Models */ = {
			isa = PBXGroup;
			children = (
			);
			path = Models;
			sourceTree = "<group>";
		};
		E31DF02D29AF12C20058ECF3 /* Resources */ = {
			isa = PBXGroup;
			children = (
			);
			path = Resources;
			sourceTree = "<group>";
		};
		E31DF02E29AF12D30058ECF3 /* Managers */ = {
			isa = PBXGroup;
			children = (
			);
			path = Managers;
			sourceTree = "<group>";
		};
		E3E8A3D829AE22A80065B86E = {
			isa = PBXGroup;
			children = (
				E3E8A3E329AE22A80065B86E /* netflix-clone */,
				E3E8A3FA29AE22A90065B86E /* netflix-cloneTests */,
				E3E8A40429AE22A90065B86E /* netflix-cloneUITests */,
				E3E8A3E229AE22A80065B86E /* Products */,
			);
			sourceTree = "<group>";
		};
		E3E8A3E229AE22A80065B86E /* Products */ = {
			isa = PBXGroup;
			children = (
				E3E8A3E129AE22A80065B86E /* netflix-clone.app */,
				E3E8A3F729AE22A90065B86E /* netflix-cloneTests.xctest */,
				E3E8A40129AE22A90065B86E /* netflix-cloneUITests.xctest */,
			);
			name = Products;
			sourceTree = "<group>";
		};
		E3E8A3E329AE22A80065B86E /* netflix-clone */ = {
			isa = PBXGroup;
			children = (
				E31DF02E29AF12D30058ECF3 /* Managers */,
				E31DF02D29AF12C20058ECF3 /* Resources */,
				E31DF02C29AF120B0058ECF3 /* Models */,
				E31DF02A29AF11B50058ECF3 /* ViewModels */,
				E31DF02929AF11970058ECF3 /* Views */,
				E31DEFE429AE2F920058ECF3 /* Controllers */,
				E3E8A3E429AE22A80065B86E /* AppDelegate.swift */,
				E3E8A3E629AE22A80065B86E /* SceneDelegate.swift */,
				E3E8A3E829AE22A80065B86E /* MainTabBarViewController.swift */,
				E3E8A3EA29AE22A80065B86E /* Main.storyboard */,
				E3E8A3ED29AE22A90065B86E /* Assets.xcassets */,
				E3E8A3EF29AE22A90065B86E /* LaunchScreen.storyboard */,
				E3E8A3F229AE22A90065B86E /* Info.plist */,
			);
			path = "netflix-clone";
			sourceTree = "<group>";
		};
		E3E8A3FA29AE22A90065B86E /* netflix-cloneTests */ = {
			isa = PBXGroup;
			children = (
				E3E8A3FB29AE22A90065B86E /* netflix_cloneTests.swift */,
			);
			path = "netflix-cloneTests";
			sourceTree = "<group>";
		};
		E3E8A40429AE22A90065B86E /* netflix-cloneUITests */ = {
			isa = PBXGroup;
			children = (
				E3E8A40529AE22A90065B86E /* netflix_cloneUITests.swift */,
				E3E8A40729AE22A90065B86E /* netflix_cloneUITestsLaunchTests.swift */,
			);
			path = "netflix-cloneUITests";
			sourceTree = "<group>";
		};
/* End PBXGroup section */

/* Begin PBXNativeTarget section */
		E3E8A3E029AE22A80065B86E /* netflix-clone */ = {
			isa = PBXNativeTarget;
			buildConfigurationList = E3E8A40B29AE22A90065B86E /* Build configuration list for PBXNativeTarget "netflix-clone" */;
			buildPhases = (
				E3E8A3DD29AE22A80065B86E /* Sources */,
				E3E8A3DE29AE22A80065B86E /* Frameworks */,
				E3E8A3DF29AE22A80065B86E /* Resources */,
			);
			buildRules = (
			);
			dependencies = (
			);
			name = "netflix-clone";
			productName = "netflix-clone";
			productReference = E3E8A3E129AE22A80065B86E /* netflix-clone.app */;
			productType = "com.apple.product-type.application";
		};
		E3E8A3F629AE22A90065B86E /* netflix-cloneTests */ = {
			isa = PBXNativeTarget;
			buildConfigurationList = E3E8A40E29AE22A90065B86E /* Build configuration list for PBXNativeTarget "netflix-cloneTests" */;
			buildPhases = (
				E3E8A3F329AE22A90065B86E /* Sources */,
				E3E8A3F429AE22A90065B86E /* Frameworks */,
				E3E8A3F529AE22A90065B86E /* Resources */,
			);
			buildRules = (
			);
			dependencies = (
				E3E8A3F929AE22A90065B86E /* PBXTargetDependency */,
			);
			name = "netflix-cloneTests";
			productName = "netflix-cloneTests";
			productReference = E3E8A3F729AE22A90065B86E /* netflix-cloneTests.xctest */;
			productType = "com.apple.product-type.bundle.unit-test";
		};
		E3E8A40029AE22A90065B86E /* netflix-cloneUITests */ = {
			isa = PBXNativeTarget;
			buildConfigurationList = E3E8A41129AE22A90065B86E /* Build configuration list for PBXNativeTarget "netflix-cloneUITests" */;
			buildPhases = (
				E3E8A3FD29AE22A90065B86E /* Sources */,
				E3E8A3FE29AE22A90065B86E /* Frameworks */,
				E3E8A3FF29AE22A90065B86E /* Resources */,
			);
			buildRules = (
			);
			dependencies = (
				E3E8A40329AE22A90065B86E /* PBXTargetDependency */,
			);
			name = "netflix-cloneUITests";
			productName = "netflix-cloneUITests";
			productReference = E3E8A40129AE22A90065B86E /* netflix-cloneUITests.xctest */;
			productType = "com.apple.product-type.bundle.ui-testing";
		};
/* End PBXNativeTarget section */

/* Begin PBXProject section */
		E3E8A3D929AE22A80065B86E /* Project object */ = {
			isa = PBXProject;
			attributes = {
				BuildIndependentTargetsInParallel = 1;
				LastSwiftUpdateCheck = 1420;
				LastUpgradeCheck = 1420;
				TargetAttributes = {
					E3E8A3E029AE22A80065B86E = {
						CreatedOnToolsVersion = 14.2;
					};
					E3E8A3F629AE22A90065B86E = {
						CreatedOnToolsVersion = 14.2;
						TestTargetID = E3E8A3E029AE22A80065B86E;
					};
					E3E8A40029AE22A90065B86E = {
						CreatedOnToolsVersion = 14.2;
						TestTargetID = E3E8A3E029AE22A80065B86E;
					};
				};
			};
			buildConfigurationList = E3E8A3DC29AE22A80065B86E /* Build configuration list for PBXProject "netflix-clone" */;
			compatibilityVersion = "Xcode 14.0";
			developmentRegion = en;
			hasScannedForEncodings = 0;
			knownRegions = (
				en,
				Base,
			);
			mainGroup = E3E8A3D829AE22A80065B86E;
			productRefGroup = E3E8A3E229AE22A80065B86E /* Products */;
			projectDirPath = "";
			projectRoot = "";
			targets = (
				E3E8A3E029AE22A80065B86E /* netflix-clone */,
				E3E8A3F629AE22A90065B86E /* netflix-cloneTests */,
				E3E8A40029AE22A90065B86E /* netflix-cloneUITests */,
			);
		};
/* End PBXProject section */

/* Begin PBXResourcesBuildPhase section */
		E3E8A3DF29AE22A80065B86E /* Resources */ = {
			isa = PBXResourcesBuildPhase;
			buildActionMask = 2147483647;
			files = (
				E3E8A3F129AE22A90065B86E /* LaunchScreen.storyboard in Resources */,
				E3E8A3EE29AE22A90065B86E /* Assets.xcassets in Resources */,
				E3E8A3EC29AE22A80065B86E /* Main.storyboard in Resources */,
			);
			runOnlyForDeploymentPostprocessing = 0;
		};
		E3E8A3F529AE22A90065B86E /* Resources */ = {
			isa = PBXResourcesBuildPhase;
			buildActionMask = 2147483647;
			files = (
			);
			runOnlyForDeploymentPostprocessing = 0;
		};
		E3E8A3FF29AE22A90065B86E /* Resources */ = {
			isa = PBXResourcesBuildPhase;
			buildActionMask = 2147483647;
			files = (
			);
			runOnlyForDeploymentPostprocessing = 0;
		};
/* End PBXResourcesBuildPhase section */

/* Begin PBXSourcesBuildPhase section */
		E3E8A3DD29AE22A80065B86E /* Sources */ = {
			isa = PBXSourcesBuildPhase;
			buildActionMask = 2147483647;
			files = (
				E31DEFEA29AE309E0058ECF3 /* SearchViewController.swift in Sources */,
				E3E8A3E929AE22A80065B86E /* MainTabBarViewController.swift in Sources */,
				E31DF03029AF13D10058ECF3 /* CollectionViewTableViewCell.swift in Sources */,
				E31DEFEC29AE30BB0058ECF3 /* DownloadsViewController.swift in Sources */,
				E3E8A3E529AE22A80065B86E /* AppDelegate.swift in Sources */,
				E3E8A3E729AE22A80065B86E /* SceneDelegate.swift in Sources */,
				E31DEFE829AE30760058ECF3 /* UpcomingViewController.swift in Sources */,
				E31DEFE629AE2FD80058ECF3 /* HomeViewController.swift in Sources */,
			);
			runOnlyForDeploymentPostprocessing = 0;
		};
		E3E8A3F329AE22A90065B86E /* Sources */ = {
			isa = PBXSourcesBuildPhase;
			buildActionMask = 2147483647;
			files = (
				E3E8A3FC29AE22A90065B86E /* netflix_cloneTests.swift in Sources */,
			);
			runOnlyForDeploymentPostprocessing = 0;
		};
		E3E8A3FD29AE22A90065B86E /* Sources */ = {
			isa = PBXSourcesBuildPhase;
			buildActionMask = 2147483647;
			files = (
				E3E8A40629AE22A90065B86E /* netflix_cloneUITests.swift in Sources */,
				E3E8A40829AE22A90065B86E /* netflix_cloneUITestsLaunchTests.swift in Sources */,
			);
			runOnlyForDeploymentPostprocessing = 0;
		};
/* End PBXSourcesBuildPhase section */

/* Begin PBXTargetDependency section */
		E3E8A3F929AE22A90065B86E /* PBXTargetDependency */ = {
			isa = PBXTargetDependency;
			target = E3E8A3E029AE22A80065B86E /* netflix-clone */;
			targetProxy = E3E8A3F829AE22A90065B86E /* PBXContainerItemProxy */;
		};
		E3E8A40329AE22A90065B86E /* PBXTargetDependency */ = {
			isa = PBXTargetDependency;
			target = E3E8A3E029AE22A80065B86E /* netflix-clone */;
			targetProxy = E3E8A40229AE22A90065B86E /* PBXContainerItemProxy */;
		};
/* End PBXTargetDependency section */

/* Begin PBXVariantGroup section */
		E3E8A3EA29AE22A80065B86E /* Main.storyboard */ = {
			isa = PBXVariantGroup;
			children = (
				E3E8A3EB29AE22A80065B86E /* Base */,
			);
			name = Main.storyboard;
			sourceTree = "<group>";
		};
		E3E8A3EF29AE22A90065B86E /* LaunchScreen.storyboard */ = {
			isa = PBXVariantGroup;
			children = (
				E3E8A3F029AE22A90065B86E /* Base */,
			);
			name = LaunchScreen.storyboard;
			sourceTree = "<group>";
		};
/* End PBXVariantGroup section */

/* Begin XCBuildConfiguration section */
		E3E8A40929AE22A90065B86E /* Debug */ = {
			isa = XCBuildConfiguration;
			buildSettings = {
				ALWAYS_SEARCH_USER_PATHS = NO;
				CLANG_ANALYZER_NONNULL = YES;
				CLANG_ANALYZER_NUMBER_OBJECT_CONVERSION = YES_AGGRESSIVE;
				CLANG_CXX_LANGUAGE_STANDARD = "gnu++20";
				CLANG_ENABLE_MODULES = YES;
				CLANG_ENABLE_OBJC_ARC = YES;
				CLANG_ENABLE_OBJC_WEAK = YES;
				CLANG_WARN_BLOCK_CAPTURE_AUTORELEASING = YES;
				CLANG_WARN_BOOL_CONVERSION = YES;
				CLANG_WARN_COMMA = YES;
				CLANG_WARN_CONSTANT_CONVERSION = YES;
				CLANG_WARN_DEPRECATED_OBJC_IMPLEMENTATIONS = YES;
				CLANG_WARN_DIRECT_OBJC_ISA_USAGE = YES_ERROR;
				CLANG_WARN_DOCUMENTATION_COMMENTS = YES;
				CLANG_WARN_EMPTY_BODY = YES;
				CLANG_WARN_ENUM_CONVERSION = YES;
				CLANG_WARN_INFINITE_RECURSION = YES;
				CLANG_WARN_INT_CONVERSION = YES;
				CLANG_WARN_NON_LITERAL_NULL_CONVERSION = YES;
				CLANG_WARN_OBJC_IMPLICIT_RETAIN_SELF = YES;
				CLANG_WARN_OBJC_LITERAL_CONVERSION = YES;
				CLANG_WARN_OBJC_ROOT_CLASS = YES_ERROR;
				CLANG_WARN_QUOTED_INCLUDE_IN_FRAMEWORK_HEADER = YES;
				CLANG_WARN_RANGE_LOOP_ANALYSIS = YES;
				CLANG_WARN_STRICT_PROTOTYPES = YES;
				CLANG_WARN_SUSPICIOUS_MOVE = YES;
				CLANG_WARN_UNGUARDED_AVAILABILITY = YES_AGGRESSIVE;
				CLANG_WARN_UNREACHABLE_CODE = YES;
				CLANG_WARN__DUPLICATE_METHOD_MATCH = YES;
				COPY_PHASE_STRIP = NO;
				DEBUG_INFORMATION_FORMAT = dwarf;
				ENABLE_STRICT_OBJC_MSGSEND = YES;
				ENABLE_TESTABILITY = YES;
				GCC_C_LANGUAGE_STANDARD = gnu11;
				GCC_DYNAMIC_NO_PIC = NO;
				GCC_NO_COMMON_BLOCKS = YES;
				GCC_OPTIMIZATION_LEVEL = 0;
				GCC_PREPROCESSOR_DEFINITIONS = (
					"DEBUG=1",
					"$(inherited)",
				);
				GCC_WARN_64_TO_32_BIT_CONVERSION = YES;
				GCC_WARN_ABOUT_RETURN_TYPE = YES_ERROR;
				GCC_WARN_UNDECLARED_SELECTOR = YES;
				GCC_WARN_UNINITIALIZED_AUTOS = YES_AGGRESSIVE;
				GCC_WARN_UNUSED_FUNCTION = YES;
				GCC_WARN_UNUSED_VARIABLE = YES;
				IPHONEOS_DEPLOYMENT_TARGET = 16.2;
				MTL_ENABLE_DEBUG_INFO = INCLUDE_SOURCE;
				MTL_FAST_MATH = YES;
				ONLY_ACTIVE_ARCH = YES;
				SDKROOT = iphoneos;
				SWIFT_ACTIVE_COMPILATION_CONDITIONS = DEBUG;
				SWIFT_OPTIMIZATION_LEVEL = "-Onone";
			};
			name = Debug;
		};
		E3E8A40A29AE22A90065B86E /* Release */ = {
			isa = XCBuildConfiguration;
			buildSettings = {
				ALWAYS_SEARCH_USER_PATHS = NO;
				CLANG_ANALYZER_NONNULL = YES;
				CLANG_ANALYZER_NUMBER_OBJECT_CONVERSION = YES_AGGRESSIVE;
				CLANG_CXX_LANGUAGE_STANDARD = "gnu++20";
				CLANG_ENABLE_MODULES = YES;
				CLANG_ENABLE_OBJC_ARC = YES;
				CLANG_ENABLE_OBJC_WEAK = YES;
				CLANG_WARN_BLOCK_CAPTURE_AUTORELEASING = YES;
				CLANG_WARN_BOOL_CONVERSION = YES;
				CLANG_WARN_COMMA = YES;
				CLANG_WARN_CONSTANT_CONVERSION = YES;
				CLANG_WARN_DEPRECATED_OBJC_IMPLEMENTATIONS = YES;
				CLANG_WARN_DIRECT_OBJC_ISA_USAGE = YES_ERROR;
				CLANG_WARN_DOCUMENTATION_COMMENTS = YES;
				CLANG_WARN_EMPTY_BODY = YES;
				CLANG_WARN_ENUM_CONVERSION = YES;
				CLANG_WARN_INFINITE_RECURSION = YES;
				CLANG_WARN_INT_CONVERSION = YES;
				CLANG_WARN_NON_LITERAL_NULL_CONVERSION = YES;
				CLANG_WARN_OBJC_IMPLICIT_RETAIN_SELF = YES;
				CLANG_WARN_OBJC_LITERAL_CONVERSION = YES;
				CLANG_WARN_OBJC_ROOT_CLASS = YES_ERROR;
				CLANG_WARN_QUOTED_INCLUDE_IN_FRAMEWORK_HEADER = YES;
				CLANG_WARN_RANGE_LOOP_ANALYSIS = YES;
				CLANG_WARN_STRICT_PROTOTYPES = YES;
				CLANG_WARN_SUSPICIOUS_MOVE = YES;
				CLANG_WARN_UNGUARDED_AVAILABILITY = YES_AGGRESSIVE;
				CLANG_WARN_UNREACHABLE_CODE = YES;
				CLANG_WARN__DUPLICATE_METHOD_MATCH = YES;
				COPY_PHASE_STRIP = NO;
				DEBUG_INFORMATION_FORMAT = "dwarf-with-dsym";
				ENABLE_NS_ASSERTIONS = NO;
				ENABLE_STRICT_OBJC_MSGSEND = YES;
				GCC_C_LANGUAGE_STANDARD = gnu11;
				GCC_NO_COMMON_BLOCKS = YES;
				GCC_WARN_64_TO_32_BIT_CONVERSION = YES;
				GCC_WARN_ABOUT_RETURN_TYPE = YES_ERROR;
				GCC_WARN_UNDECLARED_SELECTOR = YES;
				GCC_WARN_UNINITIALIZED_AUTOS = YES_AGGRESSIVE;
				GCC_WARN_UNUSED_FUNCTION = YES;
				GCC_WARN_UNUSED_VARIABLE = YES;
				IPHONEOS_DEPLOYMENT_TARGET = 16.2;
				MTL_ENABLE_DEBUG_INFO = NO;
				MTL_FAST_MATH = YES;
				SDKROOT = iphoneos;
				SWIFT_COMPILATION_MODE = wholemodule;
				SWIFT_OPTIMIZATION_LEVEL = "-O";
				VALIDATE_PRODUCT = YES;
			};
			name = Release;
		};
		E3E8A40C29AE22A90065B86E /* Debug */ = {
			isa = XCBuildConfiguration;
			buildSettings = {
				ASSETCATALOG_COMPILER_APPICON_NAME = AppIcon;
				ASSETCATALOG_COMPILER_GLOBAL_ACCENT_COLOR_NAME = AccentColor;
				CODE_SIGN_STYLE = Automatic;
				CURRENT_PROJECT_VERSION = 1;
				GENERATE_INFOPLIST_FILE = YES;
				INFOPLIST_FILE = "netflix-clone/Info.plist";
				INFOPLIST_KEY_UIApplicationSupportsIndirectInputEvents = YES;
				INFOPLIST_KEY_UILaunchStoryboardName = LaunchScreen;
				INFOPLIST_KEY_UIMainStoryboardFile = Main;
				INFOPLIST_KEY_UISupportedInterfaceOrientations_iPad = "UIInterfaceOrientationPortrait UIInterfaceOrientationPortraitUpsideDown UIInterfaceOrientationLandscapeLeft UIInterfaceOrientationLandscapeRight";
				INFOPLIST_KEY_UISupportedInterfaceOrientations_iPhone = "UIInterfaceOrientationPortrait UIInterfaceOrientationLandscapeLeft UIInterfaceOrientationLandscapeRight";
				LD_RUNPATH_SEARCH_PATHS = (
					"$(inherited)",
					"@executable_path/Frameworks",
				);
				MARKETING_VERSION = 1.0;
				PRODUCT_BUNDLE_IDENTIFIER = "iosApp.netflix-clone";
				PRODUCT_NAME = "$(TARGET_NAME)";
				SWIFT_EMIT_LOC_STRINGS = YES;
				SWIFT_VERSION = 5.0;
				TARGETED_DEVICE_FAMILY = "1,2";
			};
			name = Debug;
		};
		E3E8A40D29AE22A90065B86E /* Release */ = {
			isa = XCBuildConfiguration;
			buildSettings = {
				ASSETCATALOG_COMPILER_APPICON_NAME = AppIcon;
				ASSETCATALOG_COMPILER_GLOBAL_ACCENT_COLOR_NAME = AccentColor;
				CODE_SIGN_STYLE = Automatic;
				CURRENT_PROJECT_VERSION = 1;
				GENERATE_INFOPLIST_FILE = YES;
				INFOPLIST_FILE = "netflix-clone/Info.plist";
				INFOPLIST_KEY_UIApplicationSupportsIndirectInputEvents = YES;
				INFOPLIST_KEY_UILaunchStoryboardName = LaunchScreen;
				INFOPLIST_KEY_UIMainStoryboardFile = Main;
				INFOPLIST_KEY_UISupportedInterfaceOrientations_iPad = "UIInterfaceOrientationPortrait UIInterfaceOrientationPortraitUpsideDown UIInterfaceOrientationLandscapeLeft UIInterfaceOrientationLandscapeRight";
				INFOPLIST_KEY_UISupportedInterfaceOrientations_iPhone = "UIInterfaceOrientationPortrait UIInterfaceOrientationLandscapeLeft UIInterfaceOrientationLandscapeRight";
				LD_RUNPATH_SEARCH_PATHS = (
					"$(inherited)",
					"@executable_path/Frameworks",
				);
				MARKETING_VERSION = 1.0;
				PRODUCT_BUNDLE_IDENTIFIER = "iosApp.netflix-clone";
				PRODUCT_NAME = "$(TARGET_NAME)";
				SWIFT_EMIT_LOC_STRINGS = YES;
				SWIFT_VERSION = 5.0;
				TARGETED_DEVICE_FAMILY = "1,2";
			};
			name = Release;
		};
		E3E8A40F29AE22A90065B86E /* Debug */ = {
			isa = XCBuildConfiguration;
			buildSettings = {
				ALWAYS_EMBED_SWIFT_STANDARD_LIBRARIES = YES;
				BUNDLE_LOADER = "$(TEST_HOST)";
				CODE_SIGN_STYLE = Automatic;
				CURRENT_PROJECT_VERSION = 1;
				GENERATE_INFOPLIST_FILE = YES;
				IPHONEOS_DEPLOYMENT_TARGET = 16.2;
				MARKETING_VERSION = 1.0;
				PRODUCT_BUNDLE_IDENTIFIER = "iosApp.netflix-cloneTests";
				PRODUCT_NAME = "$(TARGET_NAME)";
				SWIFT_EMIT_LOC_STRINGS = NO;
				SWIFT_VERSION = 5.0;
				TARGETED_DEVICE_FAMILY = "1,2";
				TEST_HOST = "$(BUILT_PRODUCTS_DIR)/netflix-clone.app/$(BUNDLE_EXECUTABLE_FOLDER_PATH)/netflix-clone";
			};
			name = Debug;
		};
		E3E8A41029AE22A90065B86E /* Release */ = {
			isa = XCBuildConfiguration;
			buildSettings = {
				ALWAYS_EMBED_SWIFT_STANDARD_LIBRARIES = YES;
				BUNDLE_LOADER = "$(TEST_HOST)";
				CODE_SIGN_STYLE = Automatic;
				CURRENT_PROJECT_VERSION = 1;
				GENERATE_INFOPLIST_FILE = YES;
				IPHONEOS_DEPLOYMENT_TARGET = 16.2;
				MARKETING_VERSION = 1.0;
				PRODUCT_BUNDLE_IDENTIFIER = "iosApp.netflix-cloneTests";
				PRODUCT_NAME = "$(TARGET_NAME)";
				SWIFT_EMIT_LOC_STRINGS = NO;
				SWIFT_VERSION = 5.0;
				TARGETED_DEVICE_FAMILY = "1,2";
				TEST_HOST = "$(BUILT_PRODUCTS_DIR)/netflix-clone.app/$(BUNDLE_EXECUTABLE_FOLDER_PATH)/netflix-clone";
			};
			name = Release;
		};
		E3E8A41229AE22A90065B86E /* Debug */ = {
			isa = XCBuildConfiguration;
			buildSettings = {
				ALWAYS_EMBED_SWIFT_STANDARD_LIBRARIES = YES;
				CODE_SIGN_STYLE = Automatic;
				CURRENT_PROJECT_VERSION = 1;
				GENERATE_INFOPLIST_FILE = YES;
				MARKETING_VERSION = 1.0;
				PRODUCT_BUNDLE_IDENTIFIER = "iosApp.netflix-cloneUITests";
				PRODUCT_NAME = "$(TARGET_NAME)";
				SWIFT_EMIT_LOC_STRINGS = NO;
				SWIFT_VERSION = 5.0;
				TARGETED_DEVICE_FAMILY = "1,2";
				TEST_TARGET_NAME = "netflix-clone";
			};
			name = Debug;
		};
		E3E8A41329AE22A90065B86E /* Release */ = {
			isa = XCBuildConfiguration;
			buildSettings = {
				ALWAYS_EMBED_SWIFT_STANDARD_LIBRARIES = YES;
				CODE_SIGN_STYLE = Automatic;
				CURRENT_PROJECT_VERSION = 1;
				GENERATE_INFOPLIST_FILE = YES;
				MARKETING_VERSION = 1.0;
				PRODUCT_BUNDLE_IDENTIFIER = "iosApp.netflix-cloneUITests";
				PRODUCT_NAME = "$(TARGET_NAME)";
				SWIFT_EMIT_LOC_STRINGS = NO;
				SWIFT_VERSION = 5.0;
				TARGETED_DEVICE_FAMILY = "1,2";
				TEST_TARGET_NAME = "netflix-clone";
			};
			name = Release;
		};
/* End XCBuildConfiguration section */

/* Begin XCConfigurationList section */
		E3E8A3DC29AE22A80065B86E /* Build configuration list for PBXProject "netflix-clone" */ = {
			isa = XCConfigurationList;
			buildConfigurations = (
				E3E8A40929AE22A90065B86E /* Debug */,
				E3E8A40A29AE22A90065B86E /* Release */,
			);
			defaultConfigurationIsVisible = 0;
			defaultConfigurationName = Release;
		};
		E3E8A40B29AE22A90065B86E /* Build configuration list for PBXNativeTarget "netflix-clone" */ = {
			isa = XCConfigurationList;
			buildConfigurations = (
				E3E8A40C29AE22A90065B86E /* Debug */,
				E3E8A40D29AE22A90065B86E /* Release */,
			);
			defaultConfigurationIsVisible = 0;
			defaultConfigurationName = Release;
		};
		E3E8A40E29AE22A90065B86E /* Build configuration list for PBXNativeTarget "netflix-cloneTests" */ = {
			isa = XCConfigurationList;
			buildConfigurations = (
				E3E8A40F29AE22A90065B86E /* Debug */,
				E3E8A41029AE22A90065B86E /* Release */,
			);
			defaultConfigurationIsVisible = 0;
			defaultConfigurationName = Release;
		};
		E3E8A41129AE22A90065B86E /* Build configuration list for PBXNativeTarget "netflix-cloneUITests" */ = {
			isa = XCConfigurationList;
			buildConfigurations = (
				E3E8A41229AE22A90065B86E /* Debug */,
				E3E8A41329AE22A90065B86E /* Release */,
			);
			defaultConfigurationIsVisible = 0;
			defaultConfigurationName = Release;
		};
/* End XCConfigurationList section */
	};
	rootObject = E3E8A3D929AE22A80065B86E /* Project object */;
}
